// !$*UTF8*$!
{
	archiveVersion = 1;
	classes = {
	};
	objectVersion = 50;
	objects = {

/* Begin PBXBuildFile section */
		80170F3A22171258003D1A68 /* TimeStringCorrection.swift in Sources */ = {isa = PBXBuildFile; fileRef = 80170F3922171258003D1A68 /* TimeStringCorrection.swift */; };
		80170F3C2218F7CA003D1A68 /* NDigit.swift in Sources */ = {isa = PBXBuildFile; fileRef = 80170F3B2218F7CA003D1A68 /* NDigit.swift */; };
		80170F3E22190ACB003D1A68 /* NumbersWithDigitsInside.swift in Sources */ = {isa = PBXBuildFile; fileRef = 80170F3D22190ACB003D1A68 /* NumbersWithDigitsInside.swift */; };
		80170F4022191453003D1A68 /* DontGiveMeFive.swift in Sources */ = {isa = PBXBuildFile; fileRef = 80170F3F22191453003D1A68 /* DontGiveMeFive.swift */; };
		80170F4222191718003D1A68 /* FindDeletedNumber.swift in Sources */ = {isa = PBXBuildFile; fileRef = 80170F4122191718003D1A68 /* FindDeletedNumber.swift */; };
		80170F4422193BE8003D1A68 /* EuclideanDistance.swift in Sources */ = {isa = PBXBuildFile; fileRef = 80170F4322193BE8003D1A68 /* EuclideanDistance.swift */; };
		80170F462219412C003D1A68 /* FunctionalAddition.swift in Sources */ = {isa = PBXBuildFile; fileRef = 80170F452219412C003D1A68 /* FunctionalAddition.swift */; };
		80170F4822194251003D1A68 /* CountArare.swift in Sources */ = {isa = PBXBuildFile; fileRef = 80170F4722194251003D1A68 /* CountArare.swift */; };
		80170F4A2219AB06003D1A68 /* FizzBuzzCuckooClock.swift in Sources */ = {isa = PBXBuildFile; fileRef = 80170F492219AB06003D1A68 /* FizzBuzzCuckooClock.swift */; };
		80170F4C2219B63E003D1A68 /* FloatingPointApproximation.swift in Sources */ = {isa = PBXBuildFile; fileRef = 80170F4B2219B63E003D1A68 /* FloatingPointApproximation.swift */; };
		80170F52221AF007003D1A68 /* DigPow.swift in Sources */ = {isa = PBXBuildFile; fileRef = 80170F51221AF007003D1A68 /* DigPow.swift */; };
		80170F54221B075D003D1A68 /* RevRot.swift in Sources */ = {isa = PBXBuildFile; fileRef = 80170F53221B075D003D1A68 /* RevRot.swift */; };
		80170F58221C0180003D1A68 /* SquaredCompare.swift in Sources */ = {isa = PBXBuildFile; fileRef = 80170F57221C0180003D1A68 /* SquaredCompare.swift */; };
		8033F81E220E7D2400DE17E4 /* main.swift in Sources */ = {isa = PBXBuildFile; fileRef = 8033F81D220E7D2400DE17E4 /* main.swift */; };
		8033F82D220E7DC100DE17E4 /* CodeWarsUnitTests.swift in Sources */ = {isa = PBXBuildFile; fileRef = 8033F82C220E7DC100DE17E4 /* CodeWarsUnitTests.swift */; };
		8033F857220E9F3900DE17E4 /* AthleticsStats.swift in Sources */ = {isa = PBXBuildFile; fileRef = 8033F856220E9F3900DE17E4 /* AthleticsStats.swift */; };
		803648BD2211AA55003CE06E /* FoldArray.swift in Sources */ = {isa = PBXBuildFile; fileRef = 803648BC2211AA55003CE06E /* FoldArray.swift */; };
		803648BF2211CF33003CE06E /* ChooseBestSum.swift in Sources */ = {isa = PBXBuildFile; fileRef = 803648BE2211CF33003CE06E /* ChooseBestSum.swift */; };
		803648C122129467003CE06E /* nbDig.swift in Sources */ = {isa = PBXBuildFile; fileRef = 803648C022129467003CE06E /* nbDig.swift */; };
		803648C522129F5A003CE06E /* LinkedList.swift in Sources */ = {isa = PBXBuildFile; fileRef = 803648C422129F5A003CE06E /* LinkedList.swift */; };
		80758A20221132FE004B48CA /* sumOfTwoSmallestIntegers.swift in Sources */ = {isa = PBXBuildFile; fileRef = 80758A1F221132FE004B48CA /* sumOfTwoSmallestIntegers.swift */; };
		80758A2222113D7F004B48CA /* StringRotation.swift in Sources */ = {isa = PBXBuildFile; fileRef = 80758A2122113D7F004B48CA /* StringRotation.swift */; };
		80758A2422118595004B48CA /* Mumbling.swift in Sources */ = {isa = PBXBuildFile; fileRef = 80758A2322118595004B48CA /* Mumbling.swift */; };
		8079A38F22150DAE00FE19CB /* StringyStrings.swift in Sources */ = {isa = PBXBuildFile; fileRef = 8079A38E22150DAE00FE19CB /* StringyStrings.swift */; };
		8079A3912215161200FE19CB /* Bmi.swift in Sources */ = {isa = PBXBuildFile; fileRef = 8079A3902215161200FE19CB /* Bmi.swift */; };
		8079A393221518EB00FE19CB /* FunctionTest.swift in Sources */ = {isa = PBXBuildFile; fileRef = 8079A392221518EB00FE19CB /* FunctionTest.swift */; };
		8079A3952215365F00FE19CB /* StringSquard.swift in Sources */ = {isa = PBXBuildFile; fileRef = 8079A3942215365F00FE19CB /* StringSquard.swift */; };
		8079A39722153CD400FE19CB /* SumOfMultiples.swift in Sources */ = {isa = PBXBuildFile; fileRef = 8079A39622153CD400FE19CB /* SumOfMultiples.swift */; };
		8079A399221570B900FE19CB /* Wallpaper.swift in Sources */ = {isa = PBXBuildFile; fileRef = 8079A398221570B900FE19CB /* Wallpaper.swift */; };
		8079A39D2216961100FE19CB /* ReplaceAll.swift in Sources */ = {isa = PBXBuildFile; fileRef = 8079A39C2216961100FE19CB /* ReplaceAll.swift */; };
		80CABBD12239FFCB0035D08B /* DivisbilityBy13.swift in Sources */ = {isa = PBXBuildFile; fileRef = 80CABBD02239FFCB0035D08B /* DivisbilityBy13.swift */; };
		80CABBD32241A0C20035D08B /* HowManyPizzas.swift in Sources */ = {isa = PBXBuildFile; fileRef = 80CABBD22241A0C20035D08B /* HowManyPizzas.swift */; };
		80D988FD2230C0AE00263F5B /* PhoneDirectory.swift in Sources */ = {isa = PBXBuildFile; fileRef = 80D988FC2230C0AE00263F5B /* PhoneDirectory.swift */; };
		80E7BAF8222BF40D00EDECF8 /* HiddenCubes.swift in Sources */ = {isa = PBXBuildFile; fileRef = 80E7BAF7222BF40D00EDECF8 /* HiddenCubes.swift */; };
		80F4C2C9221C281F00FA882B /* SumFractions.swift in Sources */ = {isa = PBXBuildFile; fileRef = 80F4C2C8221C281F00FA882B /* SumFractions.swift */; };
		80F4C2CB221C4C9500FA882B /* Passphrase.swift in Sources */ = {isa = PBXBuildFile; fileRef = 80F4C2CA221C4C9500FA882B /* Passphrase.swift */; };
		80F4C2CD221C670F00FA882B /* WieghtForWeight.swift in Sources */ = {isa = PBXBuildFile; fileRef = 80F4C2CC221C670F00FA882B /* WieghtForWeight.swift */; };
		80F4C2CF221D046F00FA882B /* Rainfall.swift in Sources */ = {isa = PBXBuildFile; fileRef = 80F4C2CE221D046F00FA882B /* Rainfall.swift */; };
		80F4C2D1221D38D100FA882B /* SalesmenTravel.swift in Sources */ = {isa = PBXBuildFile; fileRef = 80F4C2D0221D38D100FA882B /* SalesmenTravel.swift */; };
		80F4C2D3221D65A400FA882B /* StepsInPrime.swift in Sources */ = {isa = PBXBuildFile; fileRef = 80F4C2D2221D65A400FA882B /* StepsInPrime.swift */; };
		80F4C2D5221D970700FA882B /* RemoveVowels.swift in Sources */ = {isa = PBXBuildFile; fileRef = 80F4C2D4221D970700FA882B /* RemoveVowels.swift */; };
		80F4C2D922213DA900FA882B /* FindTheSmallest.swift in Sources */ = {isa = PBXBuildFile; fileRef = 80F4C2D822213DA900FA882B /* FindTheSmallest.swift */; };
/* End PBXBuildFile section */

/* Begin PBXCopyFilesBuildPhase section */
		8033F818220E7D2400DE17E4 /* CopyFiles */ = {
			isa = PBXCopyFilesBuildPhase;
			buildActionMask = 2147483647;
			dstPath = /usr/share/man/man1/;
			dstSubfolderSpec = 0;
			files = (
			);
			runOnlyForDeploymentPostprocessing = 1;
		};
/* End PBXCopyFilesBuildPhase section */

/* Begin PBXFileReference section */
		80170F3922171258003D1A68 /* TimeStringCorrection.swift */ = {isa = PBXFileReference; lastKnownFileType = sourcecode.swift; path = TimeStringCorrection.swift; sourceTree = "<group>"; };
		80170F3B2218F7CA003D1A68 /* NDigit.swift */ = {isa = PBXFileReference; lastKnownFileType = sourcecode.swift; path = NDigit.swift; sourceTree = "<group>"; };
		80170F3D22190ACB003D1A68 /* NumbersWithDigitsInside.swift */ = {isa = PBXFileReference; lastKnownFileType = sourcecode.swift; path = NumbersWithDigitsInside.swift; sourceTree = "<group>"; };
		80170F3F22191453003D1A68 /* DontGiveMeFive.swift */ = {isa = PBXFileReference; lastKnownFileType = sourcecode.swift; path = DontGiveMeFive.swift; sourceTree = "<group>"; };
		80170F4122191718003D1A68 /* FindDeletedNumber.swift */ = {isa = PBXFileReference; lastKnownFileType = sourcecode.swift; path = FindDeletedNumber.swift; sourceTree = "<group>"; };
		80170F4322193BE8003D1A68 /* EuclideanDistance.swift */ = {isa = PBXFileReference; lastKnownFileType = sourcecode.swift; path = EuclideanDistance.swift; sourceTree = "<group>"; };
		80170F452219412C003D1A68 /* FunctionalAddition.swift */ = {isa = PBXFileReference; lastKnownFileType = sourcecode.swift; path = FunctionalAddition.swift; sourceTree = "<group>"; };
		80170F4722194251003D1A68 /* CountArare.swift */ = {isa = PBXFileReference; lastKnownFileType = sourcecode.swift; path = CountArare.swift; sourceTree = "<group>"; };
		80170F492219AB06003D1A68 /* FizzBuzzCuckooClock.swift */ = {isa = PBXFileReference; lastKnownFileType = sourcecode.swift; path = FizzBuzzCuckooClock.swift; sourceTree = "<group>"; };
		80170F4B2219B63E003D1A68 /* FloatingPointApproximation.swift */ = {isa = PBXFileReference; lastKnownFileType = sourcecode.swift; path = FloatingPointApproximation.swift; sourceTree = "<group>"; };
		80170F51221AF007003D1A68 /* DigPow.swift */ = {isa = PBXFileReference; lastKnownFileType = sourcecode.swift; path = DigPow.swift; sourceTree = "<group>"; };
		80170F53221B075D003D1A68 /* RevRot.swift */ = {isa = PBXFileReference; lastKnownFileType = sourcecode.swift; path = RevRot.swift; sourceTree = "<group>"; };
		80170F57221C0180003D1A68 /* SquaredCompare.swift */ = {isa = PBXFileReference; lastKnownFileType = sourcecode.swift; path = SquaredCompare.swift; sourceTree = "<group>"; };
		8033F81A220E7D2400DE17E4 /* CodeWars */ = {isa = PBXFileReference; explicitFileType = "compiled.mach-o.executable"; includeInIndex = 0; path = CodeWars; sourceTree = BUILT_PRODUCTS_DIR; };
		8033F81D220E7D2400DE17E4 /* main.swift */ = {isa = PBXFileReference; lastKnownFileType = sourcecode.swift; path = main.swift; sourceTree = "<group>"; };
		8033F82A220E7DC100DE17E4 /* CodeWarsUnitTests.xctest */ = {isa = PBXFileReference; explicitFileType = wrapper.cfbundle; includeInIndex = 0; path = CodeWarsUnitTests.xctest; sourceTree = BUILT_PRODUCTS_DIR; };
		8033F82C220E7DC100DE17E4 /* CodeWarsUnitTests.swift */ = {isa = PBXFileReference; lastKnownFileType = sourcecode.swift; path = CodeWarsUnitTests.swift; sourceTree = "<group>"; };
		8033F82E220E7DC100DE17E4 /* Info.plist */ = {isa = PBXFileReference; lastKnownFileType = text.plist.xml; path = Info.plist; sourceTree = "<group>"; };
		8033F834220E869300DE17E4 /* MyPlayground.playground */ = {isa = PBXFileReference; lastKnownFileType = file.playground; path = MyPlayground.playground; sourceTree = "<group>"; xcLanguageSpecificationIdentifier = xcode.lang.swift; };
		8033F856220E9F3900DE17E4 /* AthleticsStats.swift */ = {isa = PBXFileReference; lastKnownFileType = sourcecode.swift; path = AthleticsStats.swift; sourceTree = "<group>"; };
		803648BC2211AA55003CE06E /* FoldArray.swift */ = {isa = PBXFileReference; lastKnownFileType = sourcecode.swift; path = FoldArray.swift; sourceTree = "<group>"; };
		803648BE2211CF33003CE06E /* ChooseBestSum.swift */ = {isa = PBXFileReference; lastKnownFileType = sourcecode.swift; path = ChooseBestSum.swift; sourceTree = "<group>"; };
		803648C022129467003CE06E /* nbDig.swift */ = {isa = PBXFileReference; lastKnownFileType = sourcecode.swift; path = nbDig.swift; sourceTree = "<group>"; };
		803648C422129F5A003CE06E /* LinkedList.swift */ = {isa = PBXFileReference; fileEncoding = 4; lastKnownFileType = sourcecode.swift; path = LinkedList.swift; sourceTree = "<group>"; };
		80758A1F221132FE004B48CA /* sumOfTwoSmallestIntegers.swift */ = {isa = PBXFileReference; lastKnownFileType = sourcecode.swift; path = sumOfTwoSmallestIntegers.swift; sourceTree = "<group>"; };
		80758A2122113D7F004B48CA /* StringRotation.swift */ = {isa = PBXFileReference; lastKnownFileType = sourcecode.swift; path = StringRotation.swift; sourceTree = "<group>"; };
		80758A2322118595004B48CA /* Mumbling.swift */ = {isa = PBXFileReference; lastKnownFileType = sourcecode.swift; path = Mumbling.swift; sourceTree = "<group>"; };
		8079A38E22150DAE00FE19CB /* StringyStrings.swift */ = {isa = PBXFileReference; lastKnownFileType = sourcecode.swift; path = StringyStrings.swift; sourceTree = "<group>"; };
		8079A3902215161200FE19CB /* Bmi.swift */ = {isa = PBXFileReference; lastKnownFileType = sourcecode.swift; path = Bmi.swift; sourceTree = "<group>"; };
		8079A392221518EB00FE19CB /* FunctionTest.swift */ = {isa = PBXFileReference; lastKnownFileType = sourcecode.swift; path = FunctionTest.swift; sourceTree = "<group>"; };
		8079A3942215365F00FE19CB /* StringSquard.swift */ = {isa = PBXFileReference; lastKnownFileType = sourcecode.swift; path = StringSquard.swift; sourceTree = "<group>"; };
		8079A39622153CD400FE19CB /* SumOfMultiples.swift */ = {isa = PBXFileReference; lastKnownFileType = sourcecode.swift; path = SumOfMultiples.swift; sourceTree = "<group>"; };
		8079A398221570B900FE19CB /* Wallpaper.swift */ = {isa = PBXFileReference; lastKnownFileType = sourcecode.swift; path = Wallpaper.swift; sourceTree = "<group>"; };
		8079A39C2216961100FE19CB /* ReplaceAll.swift */ = {isa = PBXFileReference; lastKnownFileType = sourcecode.swift; path = ReplaceAll.swift; sourceTree = "<group>"; };
		80CABBD02239FFCB0035D08B /* DivisbilityBy13.swift */ = {isa = PBXFileReference; lastKnownFileType = sourcecode.swift; path = DivisbilityBy13.swift; sourceTree = "<group>"; };
		80CABBD22241A0C20035D08B /* HowManyPizzas.swift */ = {isa = PBXFileReference; lastKnownFileType = sourcecode.swift; path = HowManyPizzas.swift; sourceTree = "<group>"; };
		80D988FC2230C0AE00263F5B /* PhoneDirectory.swift */ = {isa = PBXFileReference; lastKnownFileType = sourcecode.swift; path = PhoneDirectory.swift; sourceTree = "<group>"; };
		80E7BAF7222BF40D00EDECF8 /* HiddenCubes.swift */ = {isa = PBXFileReference; lastKnownFileType = sourcecode.swift; path = HiddenCubes.swift; sourceTree = "<group>"; };
		80F4C2C8221C281F00FA882B /* SumFractions.swift */ = {isa = PBXFileReference; lastKnownFileType = sourcecode.swift; path = SumFractions.swift; sourceTree = "<group>"; };
		80F4C2CA221C4C9500FA882B /* Passphrase.swift */ = {isa = PBXFileReference; lastKnownFileType = sourcecode.swift; path = Passphrase.swift; sourceTree = "<group>"; };
		80F4C2CC221C670F00FA882B /* WieghtForWeight.swift */ = {isa = PBXFileReference; lastKnownFileType = sourcecode.swift; path = WieghtForWeight.swift; sourceTree = "<group>"; };
		80F4C2CE221D046F00FA882B /* Rainfall.swift */ = {isa = PBXFileReference; lastKnownFileType = sourcecode.swift; path = Rainfall.swift; sourceTree = "<group>"; };
		80F4C2D0221D38D100FA882B /* SalesmenTravel.swift */ = {isa = PBXFileReference; lastKnownFileType = sourcecode.swift; path = SalesmenTravel.swift; sourceTree = "<group>"; };
		80F4C2D2221D65A400FA882B /* StepsInPrime.swift */ = {isa = PBXFileReference; lastKnownFileType = sourcecode.swift; path = StepsInPrime.swift; sourceTree = "<group>"; };
		80F4C2D4221D970700FA882B /* RemoveVowels.swift */ = {isa = PBXFileReference; lastKnownFileType = sourcecode.swift; path = RemoveVowels.swift; sourceTree = "<group>"; };
		80F4C2D822213DA900FA882B /* FindTheSmallest.swift */ = {isa = PBXFileReference; lastKnownFileType = sourcecode.swift; path = FindTheSmallest.swift; sourceTree = "<group>"; };
/* End PBXFileReference section */

/* Begin PBXFrameworksBuildPhase section */
		8033F817220E7D2400DE17E4 /* Frameworks */ = {
			isa = PBXFrameworksBuildPhase;
			buildActionMask = 2147483647;
			files = (
			);
			runOnlyForDeploymentPostprocessing = 0;
		};
		8033F827220E7DC100DE17E4 /* Frameworks */ = {
			isa = PBXFrameworksBuildPhase;
			buildActionMask = 2147483647;
			files = (
			);
			runOnlyForDeploymentPostprocessing = 0;
		};
/* End PBXFrameworksBuildPhase section */

/* Begin PBXGroup section */
		8033F811220E7D2400DE17E4 = {
			isa = PBXGroup;
			children = (
				8033F834220E869300DE17E4 /* MyPlayground.playground */,
				8033F81C220E7D2400DE17E4 /* CodeWars */,
				8033F82B220E7DC100DE17E4 /* CodeWarsUnitTests */,
				8033F81B220E7D2400DE17E4 /* Products */,
			);
			sourceTree = "<group>";
		};
		8033F81B220E7D2400DE17E4 /* Products */ = {
			isa = PBXGroup;
			children = (
				8033F81A220E7D2400DE17E4 /* CodeWars */,
				8033F82A220E7DC100DE17E4 /* CodeWarsUnitTests.xctest */,
			);
			name = Products;
			sourceTree = "<group>";
		};
		8033F81C220E7D2400DE17E4 /* CodeWars */ = {
			isa = PBXGroup;
			children = (
				8033F81D220E7D2400DE17E4 /* main.swift */,
			);
			path = CodeWars;
			sourceTree = "<group>";
		};
		8033F82B220E7DC100DE17E4 /* CodeWarsUnitTests */ = {
			isa = PBXGroup;
			children = (
				8033F856220E9F3900DE17E4 /* AthleticsStats.swift */,
				8079A3902215161200FE19CB /* Bmi.swift */,
				803648BE2211CF33003CE06E /* ChooseBestSum.swift */,
				8033F82C220E7DC100DE17E4 /* CodeWarsUnitTests.swift */,
				80170F4722194251003D1A68 /* CountArare.swift */,
				80170F51221AF007003D1A68 /* DigPow.swift */,
				80170F3F22191453003D1A68 /* DontGiveMeFive.swift */,
				80170F4322193BE8003D1A68 /* EuclideanDistance.swift */,
				80170F4122191718003D1A68 /* FindDeletedNumber.swift */,
				80170F492219AB06003D1A68 /* FizzBuzzCuckooClock.swift */,
				80170F4B2219B63E003D1A68 /* FloatingPointApproximation.swift */,
				803648BC2211AA55003CE06E /* FoldArray.swift */,
				80170F452219412C003D1A68 /* FunctionalAddition.swift */,
				8079A392221518EB00FE19CB /* FunctionTest.swift */,
				8033F82E220E7DC100DE17E4 /* Info.plist */,
				803648C422129F5A003CE06E /* LinkedList.swift */,
				80758A2322118595004B48CA /* Mumbling.swift */,
				803648C022129467003CE06E /* nbDig.swift */,
				80170F3B2218F7CA003D1A68 /* NDigit.swift */,
				80170F3D22190ACB003D1A68 /* NumbersWithDigitsInside.swift */,
				80F4C2CA221C4C9500FA882B /* Passphrase.swift */,
				80F4C2CE221D046F00FA882B /* Rainfall.swift */,
				80F4C2D4221D970700FA882B /* RemoveVowels.swift */,
				8079A39C2216961100FE19CB /* ReplaceAll.swift */,
				80170F53221B075D003D1A68 /* RevRot.swift */,
				80F4C2D0221D38D100FA882B /* SalesmenTravel.swift */,
				80170F57221C0180003D1A68 /* SquaredCompare.swift */,
				80F4C2D2221D65A400FA882B /* StepsInPrime.swift */,
				80758A2122113D7F004B48CA /* StringRotation.swift */,
				8079A3942215365F00FE19CB /* StringSquard.swift */,
				8079A38E22150DAE00FE19CB /* StringyStrings.swift */,
				80F4C2C8221C281F00FA882B /* SumFractions.swift */,
				8079A39622153CD400FE19CB /* SumOfMultiples.swift */,
				80758A1F221132FE004B48CA /* sumOfTwoSmallestIntegers.swift */,
				80170F3922171258003D1A68 /* TimeStringCorrection.swift */,
				8079A398221570B900FE19CB /* Wallpaper.swift */,
				80F4C2CC221C670F00FA882B /* WieghtForWeight.swift */,
				80F4C2D822213DA900FA882B /* FindTheSmallest.swift */,
				80E7BAF7222BF40D00EDECF8 /* HiddenCubes.swift */,
				80D988FC2230C0AE00263F5B /* PhoneDirectory.swift */,
				80CABBD02239FFCB0035D08B /* DivisbilityBy13.swift */,
				80CABBD22241A0C20035D08B /* HowManyPizzas.swift */,
			);
			path = CodeWarsUnitTests;
			sourceTree = "<group>";
		};
/* End PBXGroup section */

/* Begin PBXNativeTarget section */
		8033F819220E7D2400DE17E4 /* CodeWars */ = {
			isa = PBXNativeTarget;
			buildConfigurationList = 8033F821220E7D2400DE17E4 /* Build configuration list for PBXNativeTarget "CodeWars" */;
			buildPhases = (
				8033F816220E7D2400DE17E4 /* Sources */,
				8033F817220E7D2400DE17E4 /* Frameworks */,
				8033F818220E7D2400DE17E4 /* CopyFiles */,
			);
			buildRules = (
			);
			dependencies = (
			);
			name = CodeWars;
			productName = CodeWars;
			productReference = 8033F81A220E7D2400DE17E4 /* CodeWars */;
			productType = "com.apple.product-type.tool";
		};
		8033F829220E7DC100DE17E4 /* CodeWarsUnitTests */ = {
			isa = PBXNativeTarget;
			buildConfigurationList = 8033F82F220E7DC100DE17E4 /* Build configuration list for PBXNativeTarget "CodeWarsUnitTests" */;
			buildPhases = (
				8033F826220E7DC100DE17E4 /* Sources */,
				8033F827220E7DC100DE17E4 /* Frameworks */,
				8033F828220E7DC100DE17E4 /* Resources */,
			);
			buildRules = (
			);
			dependencies = (
			);
			name = CodeWarsUnitTests;
			productName = CodeWarsUnitTests;
			productReference = 8033F82A220E7DC100DE17E4 /* CodeWarsUnitTests.xctest */;
			productType = "com.apple.product-type.bundle.unit-test";
		};
/* End PBXNativeTarget section */

/* Begin PBXProject section */
		8033F812220E7D2400DE17E4 /* Project object */ = {
			isa = PBXProject;
			attributes = {
				LastSwiftUpdateCheck = 1010;
				LastUpgradeCheck = 1010;
				ORGANIZATIONNAME = "Jinah Adam";
				TargetAttributes = {
					8033F819220E7D2400DE17E4 = {
						CreatedOnToolsVersion = 10.1;
					};
					8033F829220E7DC100DE17E4 = {
						CreatedOnToolsVersion = 10.1;
					};
				};
			};
			buildConfigurationList = 8033F815220E7D2400DE17E4 /* Build configuration list for PBXProject "CodeWars" */;
			compatibilityVersion = "Xcode 9.3";
			developmentRegion = en;
			hasScannedForEncodings = 0;
			knownRegions = (
				en,
			);
			mainGroup = 8033F811220E7D2400DE17E4;
			productRefGroup = 8033F81B220E7D2400DE17E4 /* Products */;
			projectDirPath = "";
			projectRoot = "";
			targets = (
				8033F819220E7D2400DE17E4 /* CodeWars */,
				8033F829220E7DC100DE17E4 /* CodeWarsUnitTests */,
			);
		};
/* End PBXProject section */

/* Begin PBXResourcesBuildPhase section */
		8033F828220E7DC100DE17E4 /* Resources */ = {
			isa = PBXResourcesBuildPhase;
			buildActionMask = 2147483647;
			files = (
			);
			runOnlyForDeploymentPostprocessing = 0;
		};
/* End PBXResourcesBuildPhase section */

/* Begin PBXSourcesBuildPhase section */
		8033F816220E7D2400DE17E4 /* Sources */ = {
			isa = PBXSourcesBuildPhase;
			buildActionMask = 2147483647;
			files = (
				8033F81E220E7D2400DE17E4 /* main.swift in Sources */,
			);
			runOnlyForDeploymentPostprocessing = 0;
		};
		8033F826220E7DC100DE17E4 /* Sources */ = {
			isa = PBXSourcesBuildPhase;
			buildActionMask = 2147483647;
			files = (
				80F4C2CF221D046F00FA882B /* Rainfall.swift in Sources */,
				8079A39D2216961100FE19CB /* ReplaceAll.swift in Sources */,
				80E7BAF8222BF40D00EDECF8 /* HiddenCubes.swift in Sources */,
				803648C522129F5A003CE06E /* LinkedList.swift in Sources */,
				80758A20221132FE004B48CA /* sumOfTwoSmallestIntegers.swift in Sources */,
				80170F4422193BE8003D1A68 /* EuclideanDistance.swift in Sources */,
				80170F3E22190ACB003D1A68 /* NumbersWithDigitsInside.swift in Sources */,
				8079A3952215365F00FE19CB /* StringSquard.swift in Sources */,
				80170F4222191718003D1A68 /* FindDeletedNumber.swift in Sources */,
				80F4C2CD221C670F00FA882B /* WieghtForWeight.swift in Sources */,
				803648BF2211CF33003CE06E /* ChooseBestSum.swift in Sources */,
				80CABBD12239FFCB0035D08B /* DivisbilityBy13.swift in Sources */,
				803648C122129467003CE06E /* nbDig.swift in Sources */,
				80170F54221B075D003D1A68 /* RevRot.swift in Sources */,
				80F4C2D3221D65A400FA882B /* StepsInPrime.swift in Sources */,
				80758A2422118595004B48CA /* Mumbling.swift in Sources */,
				80170F4C2219B63E003D1A68 /* FloatingPointApproximation.swift in Sources */,
				80D988FD2230C0AE00263F5B /* PhoneDirectory.swift in Sources */,
				80F4C2D5221D970700FA882B /* RemoveVowels.swift in Sources */,
				80CABBD32241A0C20035D08B /* HowManyPizzas.swift in Sources */,
				803648BD2211AA55003CE06E /* FoldArray.swift in Sources */,
				8033F82D220E7DC100DE17E4 /* CodeWarsUnitTests.swift in Sources */,
				8079A39722153CD400FE19CB /* SumOfMultiples.swift in Sources */,
				80F4C2D922213DA900FA882B /* FindTheSmallest.swift in Sources */,
				8079A3912215161200FE19CB /* Bmi.swift in Sources */,
				80758A2222113D7F004B48CA /* StringRotation.swift in Sources */,
				80170F3A22171258003D1A68 /* TimeStringCorrection.swift in Sources */,
				80170F462219412C003D1A68 /* FunctionalAddition.swift in Sources */,
				80170F58221C0180003D1A68 /* SquaredCompare.swift in Sources */,
				8033F857220E9F3900DE17E4 /* AthleticsStats.swift in Sources */,
				80F4C2D1221D38D100FA882B /* SalesmenTravel.swift in Sources */,
				80170F4022191453003D1A68 /* DontGiveMeFive.swift in Sources */,
				80170F3C2218F7CA003D1A68 /* NDigit.swift in Sources */,
				8079A38F22150DAE00FE19CB /* StringyStrings.swift in Sources */,
				8079A399221570B900FE19CB /* Wallpaper.swift in Sources */,
				80F4C2C9221C281F00FA882B /* SumFractions.swift in Sources */,
				80170F4A2219AB06003D1A68 /* FizzBuzzCuckooClock.swift in Sources */,
				80F4C2CB221C4C9500FA882B /* Passphrase.swift in Sources */,
				8079A393221518EB00FE19CB /* FunctionTest.swift in Sources */,
				80170F52221AF007003D1A68 /* DigPow.swift in Sources */,
				80170F4822194251003D1A68 /* CountArare.swift in Sources */,
			);
			runOnlyForDeploymentPostprocessing = 0;
		};
/* End PBXSourcesBuildPhase section */

/* Begin XCBuildConfiguration section */
		8033F81F220E7D2400DE17E4 /* Debug */ = {
			isa = XCBuildConfiguration;
			buildSettings = {
				ALWAYS_SEARCH_USER_PATHS = NO;
				CLANG_ANALYZER_NONNULL = YES;
				CLANG_ANALYZER_NUMBER_OBJECT_CONVERSION = YES_AGGRESSIVE;
				CLANG_CXX_LANGUAGE_STANDARD = "gnu++14";
				CLANG_CXX_LIBRARY = "libc++";
				CLANG_ENABLE_MODULES = YES;
				CLANG_ENABLE_OBJC_ARC = YES;
				CLANG_ENABLE_OBJC_WEAK = YES;
				CLANG_WARN_BLOCK_CAPTURE_AUTORELEASING = YES;
				CLANG_WARN_BOOL_CONVERSION = YES;
				CLANG_WARN_COMMA = YES;
				CLANG_WARN_CONSTANT_CONVERSION = YES;
				CLANG_WARN_DEPRECATED_OBJC_IMPLEMENTATIONS = YES;
				CLANG_WARN_DIRECT_OBJC_ISA_USAGE = YES_ERROR;
				CLANG_WARN_DOCUMENTATION_COMMENTS = YES;
				CLANG_WARN_EMPTY_BODY = YES;
				CLANG_WARN_ENUM_CONVERSION = YES;
				CLANG_WARN_INFINITE_RECURSION = YES;
				CLANG_WARN_INT_CONVERSION = YES;
				CLANG_WARN_NON_LITERAL_NULL_CONVERSION = YES;
				CLANG_WARN_OBJC_IMPLICIT_RETAIN_SELF = YES;
				CLANG_WARN_OBJC_LITERAL_CONVERSION = YES;
				CLANG_WARN_OBJC_ROOT_CLASS = YES_ERROR;
				CLANG_WARN_RANGE_LOOP_ANALYSIS = YES;
				CLANG_WARN_STRICT_PROTOTYPES = YES;
				CLANG_WARN_SUSPICIOUS_MOVE = YES;
				CLANG_WARN_UNGUARDED_AVAILABILITY = YES_AGGRESSIVE;
				CLANG_WARN_UNREACHABLE_CODE = YES;
				CLANG_WARN__DUPLICATE_METHOD_MATCH = YES;
				CODE_SIGN_IDENTITY = "Mac Developer";
				COPY_PHASE_STRIP = NO;
				DEBUG_INFORMATION_FORMAT = dwarf;
				ENABLE_STRICT_OBJC_MSGSEND = YES;
				ENABLE_TESTABILITY = YES;
				GCC_C_LANGUAGE_STANDARD = gnu11;
				GCC_DYNAMIC_NO_PIC = NO;
				GCC_NO_COMMON_BLOCKS = YES;
				GCC_OPTIMIZATION_LEVEL = 0;
				GCC_PREPROCESSOR_DEFINITIONS = (
					"DEBUG=1",
					"$(inherited)",
				);
				GCC_WARN_64_TO_32_BIT_CONVERSION = YES;
				GCC_WARN_ABOUT_RETURN_TYPE = YES_ERROR;
				GCC_WARN_UNDECLARED_SELECTOR = YES;
				GCC_WARN_UNINITIALIZED_AUTOS = YES_AGGRESSIVE;
				GCC_WARN_UNUSED_FUNCTION = YES;
				GCC_WARN_UNUSED_VARIABLE = YES;
				MACOSX_DEPLOYMENT_TARGET = 10.14;
				MTL_ENABLE_DEBUG_INFO = INCLUDE_SOURCE;
				MTL_FAST_MATH = YES;
				ONLY_ACTIVE_ARCH = YES;
				SDKROOT = macosx;
				SWIFT_ACTIVE_COMPILATION_CONDITIONS = DEBUG;
				SWIFT_OPTIMIZATION_LEVEL = "-Onone";
			};
			name = Debug;
		};
		8033F820220E7D2400DE17E4 /* Release */ = {
			isa = XCBuildConfiguration;
			buildSettings = {
				ALWAYS_SEARCH_USER_PATHS = NO;
				CLANG_ANALYZER_NONNULL = YES;
				CLANG_ANALYZER_NUMBER_OBJECT_CONVERSION = YES_AGGRESSIVE;
				CLANG_CXX_LANGUAGE_STANDARD = "gnu++14";
				CLANG_CXX_LIBRARY = "libc++";
				CLANG_ENABLE_MODULES = YES;
				CLANG_ENABLE_OBJC_ARC = YES;
				CLANG_ENABLE_OBJC_WEAK = YES;
				CLANG_WARN_BLOCK_CAPTURE_AUTORELEASING = YES;
				CLANG_WARN_BOOL_CONVERSION = YES;
				CLANG_WARN_COMMA = YES;
				CLANG_WARN_CONSTANT_CONVERSION = YES;
				CLANG_WARN_DEPRECATED_OBJC_IMPLEMENTATIONS = YES;
				CLANG_WARN_DIRECT_OBJC_ISA_USAGE = YES_ERROR;
				CLANG_WARN_DOCUMENTATION_COMMENTS = YES;
				CLANG_WARN_EMPTY_BODY = YES;
				CLANG_WARN_ENUM_CONVERSION = YES;
				CLANG_WARN_INFINITE_RECURSION = YES;
				CLANG_WARN_INT_CONVERSION = YES;
				CLANG_WARN_NON_LITERAL_NULL_CONVERSION = YES;
				CLANG_WARN_OBJC_IMPLICIT_RETAIN_SELF = YES;
				CLANG_WARN_OBJC_LITERAL_CONVERSION = YES;
				CLANG_WARN_OBJC_ROOT_CLASS = YES_ERROR;
				CLANG_WARN_RANGE_LOOP_ANALYSIS = YES;
				CLANG_WARN_STRICT_PROTOTYPES = YES;
				CLANG_WARN_SUSPICIOUS_MOVE = YES;
				CLANG_WARN_UNGUARDED_AVAILABILITY = YES_AGGRESSIVE;
				CLANG_WARN_UNREACHABLE_CODE = YES;
				CLANG_WARN__DUPLICATE_METHOD_MATCH = YES;
				CODE_SIGN_IDENTITY = "Mac Developer";
				COPY_PHASE_STRIP = NO;
				DEBUG_INFORMATION_FORMAT = "dwarf-with-dsym";
				ENABLE_NS_ASSERTIONS = NO;
				ENABLE_STRICT_OBJC_MSGSEND = YES;
				GCC_C_LANGUAGE_STANDARD = gnu11;
				GCC_NO_COMMON_BLOCKS = YES;
				GCC_WARN_64_TO_32_BIT_CONVERSION = YES;
				GCC_WARN_ABOUT_RETURN_TYPE = YES_ERROR;
				GCC_WARN_UNDECLARED_SELECTOR = YES;
				GCC_WARN_UNINITIALIZED_AUTOS = YES_AGGRESSIVE;
				GCC_WARN_UNUSED_FUNCTION = YES;
				GCC_WARN_UNUSED_VARIABLE = YES;
				MACOSX_DEPLOYMENT_TARGET = 10.14;
				MTL_ENABLE_DEBUG_INFO = NO;
				MTL_FAST_MATH = YES;
				SDKROOT = macosx;
				SWIFT_COMPILATION_MODE = wholemodule;
				SWIFT_OPTIMIZATION_LEVEL = "-O";
			};
			name = Release;
		};
		8033F822220E7D2400DE17E4 /* Debug */ = {
			isa = XCBuildConfiguration;
			buildSettings = {
				CODE_SIGN_STYLE = Automatic;
				DEVELOPMENT_TEAM = MWPM7V4LD5;
				PRODUCT_NAME = "$(TARGET_NAME)";
				SWIFT_VERSION = 3.0;
			};
			name = Debug;
		};
		8033F823220E7D2400DE17E4 /* Release */ = {
			isa = XCBuildConfiguration;
			buildSettings = {
				CODE_SIGN_STYLE = Automatic;
				DEVELOPMENT_TEAM = MWPM7V4LD5;
				PRODUCT_NAME = "$(TARGET_NAME)";
				SWIFT_VERSION = 3.0;
			};
			name = Release;
		};
		8033F830220E7DC100DE17E4 /* Debug */ = {
			isa = XCBuildConfiguration;
			buildSettings = {
				CODE_SIGN_STYLE = Automatic;
				COMBINE_HIDPI_IMAGES = YES;
				DEVELOPMENT_TEAM = MWPM7V4LD5;
				INFOPLIST_FILE = CodeWarsUnitTests/Info.plist;
				LD_RUNPATH_SEARCH_PATHS = (
					"$(inherited)",
					"@executable_path/../Frameworks",
					"@loader_path/../Frameworks",
				);
				PRODUCT_BUNDLE_IDENTIFIER = com.jinahadam.CodeWarsUnitTests;
				PRODUCT_NAME = "$(TARGET_NAME)";
				SWIFT_VERSION = 4.2;
			};
			name = Debug;
		};
		8033F831220E7DC100DE17E4 /* Release */ = {
			isa = XCBuildConfiguration;
			buildSettings = {
				CODE_SIGN_STYLE = Automatic;
				COMBINE_HIDPI_IMAGES = YES;
				DEVELOPMENT_TEAM = MWPM7V4LD5;
				INFOPLIST_FILE = CodeWarsUnitTests/Info.plist;
				LD_RUNPATH_SEARCH_PATHS = (
					"$(inherited)",
					"@executable_path/../Frameworks",
					"@loader_path/../Frameworks",
				);
				PRODUCT_BUNDLE_IDENTIFIER = com.jinahadam.CodeWarsUnitTests;
				PRODUCT_NAME = "$(TARGET_NAME)";
				SWIFT_VERSION = 4.2;
			};
			name = Release;
		};
/* End XCBuildConfiguration section */

/* Begin XCConfigurationList section */
		8033F815220E7D2400DE17E4 /* Build configuration list for PBXProject "CodeWars" */ = {
			isa = XCConfigurationList;
			buildConfigurations = (
				8033F81F220E7D2400DE17E4 /* Debug */,
				8033F820220E7D2400DE17E4 /* Release */,
			);
			defaultConfigurationIsVisible = 0;
			defaultConfigurationName = Release;
		};
		8033F821220E7D2400DE17E4 /* Build configuration list for PBXNativeTarget "CodeWars" */ = {
			isa = XCConfigurationList;
			buildConfigurations = (
				8033F822220E7D2400DE17E4 /* Debug */,
				8033F823220E7D2400DE17E4 /* Release */,
			);
			defaultConfigurationIsVisible = 0;
			defaultConfigurationName = Release;
		};
		8033F82F220E7DC100DE17E4 /* Build configuration list for PBXNativeTarget "CodeWarsUnitTests" */ = {
			isa = XCConfigurationList;
			buildConfigurations = (
				8033F830220E7DC100DE17E4 /* Debug */,
				8033F831220E7DC100DE17E4 /* Release */,
			);
			defaultConfigurationIsVisible = 0;
			defaultConfigurationName = Release;
		};
/* End XCConfigurationList section */
	};
	rootObject = 8033F812220E7D2400DE17E4 /* Project object */;
}
