// !$*UTF8*$!
{
	archiveVersion = 1;
	classes = {
	};
	objectVersion = 50;
	objects = {

/* Begin PBXBuildFile section */
		8033F81E220E7D2400DE17E4 /* main.swift in Sources */ = {isa = PBXBuildFile; fileRef = 8033F81D220E7D2400DE17E4 /* main.swift */; };
		8033F82D220E7DC100DE17E4 /* CodeWarsUnitTests.swift in Sources */ = {isa = PBXBuildFile; fileRef = 8033F82C220E7DC100DE17E4 /* CodeWarsUnitTests.swift */; };
/* End PBXBuildFile section */

/* Begin PBXCopyFilesBuildPhase section */
		8033F818220E7D2400DE17E4 /* CopyFiles */ = {
			isa = PBXCopyFilesBuildPhase;
			buildActionMask = 2147483647;
			dstPath = /usr/share/man/man1/;
			dstSubfolderSpec = 0;
			files = (
			);
			runOnlyForDeploymentPostprocessing = 1;
		};
/* End PBXCopyFilesBuildPhase section */

/* Begin PBXFileReference section */
		8033F81A220E7D2400DE17E4 /* CodeWars */ = {isa = PBXFileReference; explicitFileType = "compiled.mach-o.executable"; includeInIndex = 0; path = CodeWars; sourceTree = BUILT_PRODUCTS_DIR; };
		8033F81D220E7D2400DE17E4 /* main.swift */ = {isa = PBXFileReference; lastKnownFileType = sourcecode.swift; path = main.swift; sourceTree = "<group>"; };
		8033F82A220E7DC100DE17E4 /* CodeWarsUnitTests.xctest */ = {isa = PBXFileReference; explicitFileType = wrapper.cfbundle; includeInIndex = 0; path = CodeWarsUnitTests.xctest; sourceTree = BUILT_PRODUCTS_DIR; };
		8033F82C220E7DC100DE17E4 /* CodeWarsUnitTests.swift */ = {isa = PBXFileReference; lastKnownFileType = sourcecode.swift; path = CodeWarsUnitTests.swift; sourceTree = "<group>"; };
		8033F82E220E7DC100DE17E4 /* Info.plist */ = {isa = PBXFileReference; lastKnownFileType = text.plist.xml; path = Info.plist; sourceTree = "<group>"; };
		8033F834220E869300DE17E4 /* MyPlayground.playground */ = {isa = PBXFileReference; lastKnownFileType = file.playground; path = MyPlayground.playground; sourceTree = "<group>"; xcLanguageSpecificationIdentifier = xcode.lang.swift; };
/* End PBXFileReference section */

/* Begin PBXFrameworksBuildPhase section */
		8033F817220E7D2400DE17E4 /* Frameworks */ = {
			isa = PBXFrameworksBuildPhase;
			buildActionMask = 2147483647;
			files = (
			);
			runOnlyForDeploymentPostprocessing = 0;
		};
		8033F827220E7DC100DE17E4 /* Frameworks */ = {
			isa = PBXFrameworksBuildPhase;
			buildActionMask = 2147483647;
			files = (
			);
			runOnlyForDeploymentPostprocessing = 0;
		};
/* End PBXFrameworksBuildPhase section */

/* Begin PBXGroup section */
		8033F811220E7D2400DE17E4 = {
			isa = PBXGroup;
			children = (
				8033F834220E869300DE17E4 /* MyPlayground.playground */,
				8033F81C220E7D2400DE17E4 /* CodeWars */,
				8033F82B220E7DC100DE17E4 /* CodeWarsUnitTests */,
				8033F81B220E7D2400DE17E4 /* Products */,
			);
			sourceTree = "<group>";
		};
		8033F81B220E7D2400DE17E4 /* Products */ = {
			isa = PBXGroup;
			children = (
				8033F81A220E7D2400DE17E4 /* CodeWars */,
				8033F82A220E7DC100DE17E4 /* CodeWarsUnitTests.xctest */,
			);
			name = Products;
			sourceTree = "<group>";
		};
		8033F81C220E7D2400DE17E4 /* CodeWars */ = {
			isa = PBXGroup;
			children = (
				8033F81D220E7D2400DE17E4 /* main.swift */,
			);
			path = CodeWars;
			sourceTree = "<group>";
		};
		8033F82B220E7DC100DE17E4 /* CodeWarsUnitTests */ = {
			isa = PBXGroup;
			children = (
				8033F82C220E7DC100DE17E4 /* CodeWarsUnitTests.swift */,
				8033F82E220E7DC100DE17E4 /* Info.plist */,
			);
			path = CodeWarsUnitTests;
			sourceTree = "<group>";
		};
/* End PBXGroup section */

/* Begin PBXNativeTarget section */
		8033F819220E7D2400DE17E4 /* CodeWars */ = {
			isa = PBXNativeTarget;
			buildConfigurationList = 8033F821220E7D2400DE17E4 /* Build configuration list for PBXNativeTarget "CodeWars" */;
			buildPhases = (
				8033F816220E7D2400DE17E4 /* Sources */,
				8033F817220E7D2400DE17E4 /* Frameworks */,
				8033F818220E7D2400DE17E4 /* CopyFiles */,
			);
			buildRules = (
			);
			dependencies = (
			);
			name = CodeWars;
			productName = CodeWars;
			productReference = 8033F81A220E7D2400DE17E4 /* CodeWars */;
			productType = "com.apple.product-type.tool";
		};
		8033F829220E7DC100DE17E4 /* CodeWarsUnitTests */ = {
			isa = PBXNativeTarget;
			buildConfigurationList = 8033F82F220E7DC100DE17E4 /* Build configuration list for PBXNativeTarget "CodeWarsUnitTests" */;
			buildPhases = (
				8033F826220E7DC100DE17E4 /* Sources */,
				8033F827220E7DC100DE17E4 /* Frameworks */,
				8033F828220E7DC100DE17E4 /* Resources */,
			);
			buildRules = (
			);
			dependencies = (
			);
			name = CodeWarsUnitTests;
			productName = CodeWarsUnitTests;
			productReference = 8033F82A220E7DC100DE17E4 /* CodeWarsUnitTests.xctest */;
			productType = "com.apple.product-type.bundle.unit-test";
		};
/* End PBXNativeTarget section */

/* Begin PBXProject section */
		8033F812220E7D2400DE17E4 /* Project object */ = {
			isa = PBXProject;
			attributes = {
				LastSwiftUpdateCheck = 1010;
				LastUpgradeCheck = 1010;
				ORGANIZATIONNAME = "Jinah Adam";
				TargetAttributes = {
					8033F819220E7D2400DE17E4 = {
						CreatedOnToolsVersion = 10.1;
					};
					8033F829220E7DC100DE17E4 = {
						CreatedOnToolsVersion = 10.1;
					};
				};
			};
			buildConfigurationList = 8033F815220E7D2400DE17E4 /* Build configuration list for PBXProject "CodeWars" */;
			compatibilityVersion = "Xcode 9.3";
			developmentRegion = en;
			hasScannedForEncodings = 0;
			knownRegions = (
				en,
			);
			mainGroup = 8033F811220E7D2400DE17E4;
			productRefGroup = 8033F81B220E7D2400DE17E4 /* Products */;
			projectDirPath = "";
			projectRoot = "";
			targets = (
				8033F819220E7D2400DE17E4 /* CodeWars */,
				8033F829220E7DC100DE17E4 /* CodeWarsUnitTests */,
			);
		};
/* End PBXProject section */

/* Begin PBXResourcesBuildPhase section */
		8033F828220E7DC100DE17E4 /* Resources */ = {
			isa = PBXResourcesBuildPhase;
			buildActionMask = 2147483647;
			files = (
			);
			runOnlyForDeploymentPostprocessing = 0;
		};
/* End PBXResourcesBuildPhase section */

/* Begin PBXSourcesBuildPhase section */
		8033F816220E7D2400DE17E4 /* Sources */ = {
			isa = PBXSourcesBuildPhase;
			buildActionMask = 2147483647;
			files = (
				8033F81E220E7D2400DE17E4 /* main.swift in Sources */,
			);
			runOnlyForDeploymentPostprocessing = 0;
		};
		8033F826220E7DC100DE17E4 /* Sources */ = {
			isa = PBXSourcesBuildPhase;
			buildActionMask = 2147483647;
			files = (
				8033F82D220E7DC100DE17E4 /* CodeWarsUnitTests.swift in Sources */,
			);
			runOnlyForDeploymentPostprocessing = 0;
		};
/* End PBXSourcesBuildPhase section */

/* Begin XCBuildConfiguration section */
		8033F81F220E7D2400DE17E4 /* Debug */ = {
			isa = XCBuildConfiguration;
			buildSettings = {
				ALWAYS_SEARCH_USER_PATHS = NO;
				CLANG_ANALYZER_NONNULL = YES;
				CLANG_ANALYZER_NUMBER_OBJECT_CONVERSION = YES_AGGRESSIVE;
				CLANG_CXX_LANGUAGE_STANDARD = "gnu++14";
				CLANG_CXX_LIBRARY = "libc++";
				CLANG_ENABLE_MODULES = YES;
				CLANG_ENABLE_OBJC_ARC = YES;
				CLANG_ENABLE_OBJC_WEAK = YES;
				CLANG_WARN_BLOCK_CAPTURE_AUTORELEASING = YES;
				CLANG_WARN_BOOL_CONVERSION = YES;
				CLANG_WARN_COMMA = YES;
				CLANG_WARN_CONSTANT_CONVERSION = YES;
				CLANG_WARN_DEPRECATED_OBJC_IMPLEMENTATIONS = YES;
				CLANG_WARN_DIRECT_OBJC_ISA_USAGE = YES_ERROR;
				CLANG_WARN_DOCUMENTATION_COMMENTS = YES;
				CLANG_WARN_EMPTY_BODY = YES;
				CLANG_WARN_ENUM_CONVERSION = YES;
				CLANG_WARN_INFINITE_RECURSION = YES;
				CLANG_WARN_INT_CONVERSION = YES;
				CLANG_WARN_NON_LITERAL_NULL_CONVERSION = YES;
				CLANG_WARN_OBJC_IMPLICIT_RETAIN_SELF = YES;
				CLANG_WARN_OBJC_LITERAL_CONVERSION = YES;
				CLANG_WARN_OBJC_ROOT_CLASS = YES_ERROR;
				CLANG_WARN_RANGE_LOOP_ANALYSIS = YES;
				CLANG_WARN_STRICT_PROTOTYPES = YES;
				CLANG_WARN_SUSPICIOUS_MOVE = YES;
				CLANG_WARN_UNGUARDED_AVAILABILITY = YES_AGGRESSIVE;
				CLANG_WARN_UNREACHABLE_CODE = YES;
				CLANG_WARN__DUPLICATE_METHOD_MATCH = YES;
				CODE_SIGN_IDENTITY = "Mac Developer";
				COPY_PHASE_STRIP = NO;
				DEBUG_INFORMATION_FORMAT = dwarf;
				ENABLE_STRICT_OBJC_MSGSEND = YES;
				ENABLE_TESTABILITY = YES;
				GCC_C_LANGUAGE_STANDARD = gnu11;
				GCC_DYNAMIC_NO_PIC = NO;
				GCC_NO_COMMON_BLOCKS = YES;
				GCC_OPTIMIZATION_LEVEL = 0;
				GCC_PREPROCESSOR_DEFINITIONS = (
					"DEBUG=1",
					"$(inherited)",
				);
				GCC_WARN_64_TO_32_BIT_CONVERSION = YES;
				GCC_WARN_ABOUT_RETURN_TYPE = YES_ERROR;
				GCC_WARN_UNDECLARED_SELECTOR = YES;
				GCC_WARN_UNINITIALIZED_AUTOS = YES_AGGRESSIVE;
				GCC_WARN_UNUSED_FUNCTION = YES;
				GCC_WARN_UNUSED_VARIABLE = YES;
				MACOSX_DEPLOYMENT_TARGET = 10.14;
				MTL_ENABLE_DEBUG_INFO = INCLUDE_SOURCE;
				MTL_FAST_MATH = YES;
				ONLY_ACTIVE_ARCH = YES;
				SDKROOT = macosx;
				SWIFT_ACTIVE_COMPILATION_CONDITIONS = DEBUG;
				SWIFT_OPTIMIZATION_LEVEL = "-Onone";
			};
			name = Debug;
		};
		8033F820220E7D2400DE17E4 /* Release */ = {
			isa = XCBuildConfiguration;
			buildSettings = {
				ALWAYS_SEARCH_USER_PATHS = NO;
				CLANG_ANALYZER_NONNULL = YES;
				CLANG_ANALYZER_NUMBER_OBJECT_CONVERSION = YES_AGGRESSIVE;
				CLANG_CXX_LANGUAGE_STANDARD = "gnu++14";
				CLANG_CXX_LIBRARY = "libc++";
				CLANG_ENABLE_MODULES = YES;
				CLANG_ENABLE_OBJC_ARC = YES;
				CLANG_ENABLE_OBJC_WEAK = YES;
				CLANG_WARN_BLOCK_CAPTURE_AUTORELEASING = YES;
				CLANG_WARN_BOOL_CONVERSION = YES;
				CLANG_WARN_COMMA = YES;
				CLANG_WARN_CONSTANT_CONVERSION = YES;
				CLANG_WARN_DEPRECATED_OBJC_IMPLEMENTATIONS = YES;
				CLANG_WARN_DIRECT_OBJC_ISA_USAGE = YES_ERROR;
				CLANG_WARN_DOCUMENTATION_COMMENTS = YES;
				CLANG_WARN_EMPTY_BODY = YES;
				CLANG_WARN_ENUM_CONVERSION = YES;
				CLANG_WARN_INFINITE_RECURSION = YES;
				CLANG_WARN_INT_CONVERSION = YES;
				CLANG_WARN_NON_LITERAL_NULL_CONVERSION = YES;
				CLANG_WARN_OBJC_IMPLICIT_RETAIN_SELF = YES;
				CLANG_WARN_OBJC_LITERAL_CONVERSION = YES;
				CLANG_WARN_OBJC_ROOT_CLASS = YES_ERROR;
				CLANG_WARN_RANGE_LOOP_ANALYSIS = YES;
				CLANG_WARN_STRICT_PROTOTYPES = YES;
				CLANG_WARN_SUSPICIOUS_MOVE = YES;
				CLANG_WARN_UNGUARDED_AVAILABILITY = YES_AGGRESSIVE;
				CLANG_WARN_UNREACHABLE_CODE = YES;
				CLANG_WARN__DUPLICATE_METHOD_MATCH = YES;
				CODE_SIGN_IDENTITY = "Mac Developer";
				COPY_PHASE_STRIP = NO;
				DEBUG_INFORMATION_FORMAT = "dwarf-with-dsym";
				ENABLE_NS_ASSERTIONS = NO;
				ENABLE_STRICT_OBJC_MSGSEND = YES;
				GCC_C_LANGUAGE_STANDARD = gnu11;
				GCC_NO_COMMON_BLOCKS = YES;
				GCC_WARN_64_TO_32_BIT_CONVERSION = YES;
				GCC_WARN_ABOUT_RETURN_TYPE = YES_ERROR;
				GCC_WARN_UNDECLARED_SELECTOR = YES;
				GCC_WARN_UNINITIALIZED_AUTOS = YES_AGGRESSIVE;
				GCC_WARN_UNUSED_FUNCTION = YES;
				GCC_WARN_UNUSED_VARIABLE = YES;
				MACOSX_DEPLOYMENT_TARGET = 10.14;
				MTL_ENABLE_DEBUG_INFO = NO;
				MTL_FAST_MATH = YES;
				SDKROOT = macosx;
				SWIFT_COMPILATION_MODE = wholemodule;
				SWIFT_OPTIMIZATION_LEVEL = "-O";
			};
			name = Release;
		};
		8033F822220E7D2400DE17E4 /* Debug */ = {
			isa = XCBuildConfiguration;
			buildSettings = {
				CODE_SIGN_STYLE = Automatic;
				DEVELOPMENT_TEAM = MWPM7V4LD5;
				PRODUCT_NAME = "$(TARGET_NAME)";
				SWIFT_VERSION = 4.2;
			};
			name = Debug;
		};
		8033F823220E7D2400DE17E4 /* Release */ = {
			isa = XCBuildConfiguration;
			buildSettings = {
				CODE_SIGN_STYLE = Automatic;
				DEVELOPMENT_TEAM = MWPM7V4LD5;
				PRODUCT_NAME = "$(TARGET_NAME)";
				SWIFT_VERSION = 4.2;
			};
			name = Release;
		};
		8033F830220E7DC100DE17E4 /* Debug */ = {
			isa = XCBuildConfiguration;
			buildSettings = {
				CODE_SIGN_STYLE = Automatic;
				COMBINE_HIDPI_IMAGES = YES;
				DEVELOPMENT_TEAM = MWPM7V4LD5;
				INFOPLIST_FILE = CodeWarsUnitTests/Info.plist;
				LD_RUNPATH_SEARCH_PATHS = (
					"$(inherited)",
					"@executable_path/../Frameworks",
					"@loader_path/../Frameworks",
				);
				PRODUCT_BUNDLE_IDENTIFIER = com.jinahadam.CodeWarsUnitTests;
				PRODUCT_NAME = "$(TARGET_NAME)";
				SWIFT_VERSION = 4.2;
			};
			name = Debug;
		};
		8033F831220E7DC100DE17E4 /* Release */ = {
			isa = XCBuildConfiguration;
			buildSettings = {
				CODE_SIGN_STYLE = Automatic;
				COMBINE_HIDPI_IMAGES = YES;
				DEVELOPMENT_TEAM = MWPM7V4LD5;
				INFOPLIST_FILE = CodeWarsUnitTests/Info.plist;
				LD_RUNPATH_SEARCH_PATHS = (
					"$(inherited)",
					"@executable_path/../Frameworks",
					"@loader_path/../Frameworks",
				);
				PRODUCT_BUNDLE_IDENTIFIER = com.jinahadam.CodeWarsUnitTests;
				PRODUCT_NAME = "$(TARGET_NAME)";
				SWIFT_VERSION = 4.2;
			};
			name = Release;
		};
/* End XCBuildConfiguration section */

/* Begin XCConfigurationList section */
		8033F815220E7D2400DE17E4 /* Build configuration list for PBXProject "CodeWars" */ = {
			isa = XCConfigurationList;
			buildConfigurations = (
				8033F81F220E7D2400DE17E4 /* Debug */,
				8033F820220E7D2400DE17E4 /* Release */,
			);
			defaultConfigurationIsVisible = 0;
			defaultConfigurationName = Release;
		};
		8033F821220E7D2400DE17E4 /* Build configuration list for PBXNativeTarget "CodeWars" */ = {
			isa = XCConfigurationList;
			buildConfigurations = (
				8033F822220E7D2400DE17E4 /* Debug */,
				8033F823220E7D2400DE17E4 /* Release */,
			);
			defaultConfigurationIsVisible = 0;
			defaultConfigurationName = Release;
		};
		8033F82F220E7DC100DE17E4 /* Build configuration list for PBXNativeTarget "CodeWarsUnitTests" */ = {
			isa = XCConfigurationList;
			buildConfigurations = (
				8033F830220E7DC100DE17E4 /* Debug */,
				8033F831220E7DC100DE17E4 /* Release */,
			);
			defaultConfigurationIsVisible = 0;
			defaultConfigurationName = Release;
		};
/* End XCConfigurationList section */
	};
	rootObject = 8033F812220E7D2400DE17E4 /* Project object */;
}
